lockfileVersion: '9.0'

settings:
  autoInstallPeers: true
  excludeLinksFromLockfile: false

importers:

  .:
    dependencies:
      '@azure/cosmos':
        specifier: ^4.5.1
        version: 4.9.3
      '@azure/functions':
        specifier: ^4.7.2
        version: 4.16.2

packages:

  '@azure-rest/core-client@2.8.0':
    resolution: {integrity: sha512-F1ybHeN+++QhyFCF/ehLUEvrOB6fehPdFBFtGdj0C3B2lpQ9zkPiO5JDgsqc6IfjuUe6b3dAbXK0a7+VgSGfhw==}
    engines: {node: '>=22.0.0'}

  '@azure/abort-controller@2.2.0':
    resolution: {integrity: sha512-fNAjWnA/nZ2jz31kxR/AqRaUT8ewHBw/WuBIosK0moMy1C9e5ValbDfFdIxJzVOOYaYkV/b2F1S4H/aHiqfVQg==}
    engines: {node: '>=22.0.0'}

  '@azure/core-auth@1.11.0':
    resolution: {integrity: sha512-IUZydyTUkDnYdstOW9pFOOUQlBjAepK5teihDE3x6yxsPJs/hsAaaYpeGxdxrgtOiJbBKSjKW7MDk7AEhb4LRg==}
    engines: {node: '>=22.0.0'}

  '@azure/core-lro@2.7.2':
    resolution: {integrity: sha512-0YIpccoX8m/k00O7mDDMdJpbr6mf1yWo2dfmxt5A8XVZVVMz2SSKaEbMCeJRvgQ0IaSlqhjT47p4hVIRRy90xw==}
    engines: {node: '>=18.0.0'}

  '@azure/core-paging@1.7.0':
    resolution: {integrity: sha512-7GEAoIsaoBr6KELNRb8nypowCqvk8dnCHFCYg4XD4lOQGY2GqjQg5IhkRjyBFRO18CGSMq05PaNqSOE9GQro3g==}
    engines: {node: '>=22.0.0'}

  '@azure/core-rest-pipeline@1.25.0':
    resolution: {integrity: sha512-bMs8ekJLjX8wPV+9IPBges1SLPyuDtE9g5gLDWOpxzKcoOFQnpLGkbcT1tdw3FaAmDS1gnPmMmJ6y/T5B96kIA==}
    engines: {node: '>=22.0.0'}

  '@azure/core-tracing@1.4.0':
    resolution: {integrity: sha512-eGwxD0AtncrxeBM4tG8R55Pc3rdX1hNW2WibJAgYpCVA6E93mvvVH+LcssoVjOBrSKWS55yEIHsk0X8ctHmfOQ==}
    engines: {node: '>=22.0.0'}

  '@azure/core-util@1.14.0':
    resolution: {integrity: sha512-9n2pWK61veAuN0V20t9lOuoV4CFMdyAZ1ygZzvBGk/pBBJRib/PjL9PLXa/aI2CcPpyHfqVsxxqLCYl6uZlfDw==}
    engines: {node: '>=22.0.0'}

  '@azure/cosmos@4.9.3':
    resolution: {integrity: sha512-AWRj+yhw1lybutNcsHJ8syxWXnTLvc3CPwwdCwG1I0I71f25ZcBkxneTeoaB3X57+xl1nO+zJKUqfm0RhpGUFA==}
    engines: {node: '>=20.0.0'}

  '@azure/functions-extensions-base@0.3.0':
    resolution: {integrity: sha512-Cux0hLu5ZXlC/Kb+yvJVhRLIdkfFwui2HeT5oGZL00r/GCUUkhGTzRfZUjRN4Bq729mPv3okPucz2z7SMQLStA==}
    engines: {node: '>=18.0'}

  '@azure/functions@4.16.2':
    resolution: {integrity: sha512-6uq0Z7e3njy8fHpgCVIJWDtbkZz+BYXc6L8fQjisf8+hPdnauM5yZ70j9YC8xas6zvL1dFA+EfLuZcNYyuWLTg==}
    engines: {node: '>=20.0'}

  '@azure/keyvault-common@2.1.0':
    resolution: {integrity: sha512-aCDidWuKY06LWQ4x7/8TIXK6iRqTaRWRL3t7T+LC+j1b07HtoIsOxP/tU90G4jCSBn5TAyUTCtA4MS/y5Hudaw==}
    engines: {node: '>=20.0.0'}

  '@azure/keyvault-keys@4.10.2':
    resolution: {integrity: sha512-VmUSLbXRAbSzDD8grXHGPaknYs0SKr3yuf6U+d4XMpX4XuVYskNqbTTwXce0zR1LyxfTZm9rWEBcvs3vdYwCmQ==}
    engines: {node: '>=20.0.0'}

  '@azure/logger@1.4.0':
    resolution: {integrity: sha512-rbAE25KUfjU/s3XHUdJgceoCP5dEOpMx85J04kF+QMdta73XkuG9JGHHinch+XIoKpBdqljin+KqURpJriSzLA==}
    engines: {node: '>=22.0.0'}

  '@typespec/ts-http-runtime@0.3.7':
    resolution: {integrity: sha512-JVUD8X2tfDMWjcjLs4yVxxVrS8yR5vnh386GAXT9Qj79nBxxXSaHFQZg5FweLmT8HlPQ3kii6noUB+Z9RN7DvQ==}
    engines: {node: '>=22.0.0'}

  agent-base@7.1.4:
    resolution: {integrity: sha512-MnA+YT8fwfJPgBx3m60MNqakm30XOkyIoH1y6huTQvC0PwZG7ki8NacLBcrPbNoo8vEZy7Jpuk7+jMO+CUovTQ==}
    engines: {node: '>= 14'}

  cookie@0.7.2:
    resolution: {integrity: sha512-yki5XnKuf750l50uGTllt6kKILY4nQ1eNIQatoXEByZ5dWgnKqbnqmTrBE5B4N7lrMJKQ2ytWMiTO2o0v6Ew/w==}
    engines: {node: '>= 0.6'}

  debug@4.4.3:
    resolution: {integrity: sha512-RGwwWnwQvkVfavKVt22FGLw+xYSdzARwm0ru6DhTVA3umU5hZc28V3kO4stgYryrTlLpuvgI9GiijltAjNbcqA==}
    engines: {node: '>=6.0'}
    peerDependencies:
      supports-color: '*'
    peerDependenciesMeta:
      supports-color:
        optional: true

  fast-json-stable-stringify@2.1.0:
    resolution: {integrity: sha512-lhd/wF+Lk98HZoTCtlVraHtfh5XYijIjalXck7saUtuanSDyLMxnHhSXEDJqHxD7msR8D0uCmqlkwjCV8xvwHw==}

  http-proxy-agent@7.0.2:
    resolution: {integrity: sha512-T1gkAiYYDWYx3V5Bmyu7HcfcvL7mUrTWiM6yOfa3PIphViJ/gFPbvidQ+veqSOHci/PxBcDabeUNCzpOODJZig==}
    engines: {node: '>= 14'}

  https-proxy-agent@7.0.6:
    resolution: {integrity: sha512-vK9P5/iUfdl95AI+JVyUuIcVtd4ofvtrOr3HNtM2yxC9bnMbEdp3x01OhQNnjb8IJYi38VlTE3mBXwcfvywuSw==}
    engines: {node: '>= 14'}

  ms@2.1.3:
    resolution: {integrity: sha512-6FlzubTLZG3J2a/NVCAleEhjzq5oxgHyaCU9yYXvcLsvoVaHJq/s5xXI6/XXP6tz7R9xAOtHnSO/tXtF3WRTlA==}

  priorityqueuejs@2.0.0:
    resolution: {integrity: sha512-19BMarhgpq3x4ccvVi8k2QpJZcymo/iFUcrhPd4V96kYGovOdTsWwy7fxChYi4QY+m2EnGBWSX9Buakz+tWNQQ==}

  semaphore@1.1.0:
    resolution: {integrity: sha512-O4OZEaNtkMd/K0i6js9SL+gqy0ZCBMgUvlSqHKi4IBdjhe7wB8pwztUk1BbZ1fmrvpwFrPbHzqd2w5pTcJH6LA==}
    engines: {node: '>=0.8.0'}

  tslib@2.8.1:
    resolution: {integrity: sha512-oJFu94HQb+KVduSUQL7wnpmqnfmLsOA/nAh6b6EH0wCEoK0/mPeXU6c3wKDV83MkOuHPRHtSXKKU99IBazS/2w==}

snapshots:

  '@azure-rest/core-client@2.8.0':
    dependencies:
      '@azure/abort-controller': 2.2.0
      '@azure/core-auth': 1.11.0
      '@azure/core-rest-pipeline': 1.25.0
      '@azure/core-tracing': 1.4.0
      '@typespec/ts-http-runtime': 0.3.7
      tslib: 2.8.1
    transitivePeerDependencies:
      - supports-color

  '@azure/abort-controller@2.2.0':
    dependencies:
      tslib: 2.8.1

  '@azure/core-auth@1.11.0':
    dependencies:
      '@azure/abort-controller': 2.2.0
      '@azure/core-util': 1.14.0
      tslib: 2.8.1
    transitivePeerDependencies:
      - supports-color

  '@azure/core-lro@2.7.2':
    dependencies:
      '@azure/abort-controller': 2.2.0
      '@azure/core-util': 1.14.0
      '@azure/logger': 1.4.0
      tslib: 2.8.1
    transitivePeerDependencies:
      - supports-color

  '@azure/core-paging@1.7.0':
    dependencies:
      tslib: 2.8.1

  '@azure/core-rest-pipeline@1.25.0':
    dependencies:
      '@azure/abort-controller': 2.2.0
      '@azure/core-auth': 1.11.0
      '@azure/core-tracing': 1.4.0
      '@azure/core-util': 1.14.0
      '@azure/logger': 1.4.0
      '@typespec/ts-http-runtime': 0.3.7
      tslib: 2.8.1
    transitivePeerDependencies:
      - supports-color

  '@azure/core-tracing@1.4.0':
    dependencies:
      tslib: 2.8.1

  '@azure/core-util@1.14.0':
    dependencies:
      '@azure/abort-controller': 2.2.0
      '@typespec/ts-http-runtime': 0.3.7
      tslib: 2.8.1
    transitivePeerDependencies:
      - supports-color

  '@azure/cosmos@4.9.3':
    dependencies:
      '@azure/abort-controller': 2.2.0
      '@azure/core-auth': 1.11.0
      '@azure/core-rest-pipeline': 1.25.0
      '@azure/core-tracing': 1.4.0
      '@azure/core-util': 1.14.0
      '@azure/keyvault-keys': 4.10.2
      '@azure/logger': 1.4.0
      fast-json-stable-stringify: 2.1.0
      priorityqueuejs: 2.0.0
      semaphore: 1.1.0
      tslib: 2.8.1
    transitivePeerDependencies:
      - supports-color

  '@azure/functions-extensions-base@0.3.0': {}

  '@azure/functions@4.16.2':
    dependencies:
      '@azure/functions-extensions-base': 0.3.0
      cookie: 0.7.2

  '@azure/keyvault-common@2.1.0':
    dependencies:
      '@azure-rest/core-client': 2.8.0
      '@azure/abort-controller': 2.2.0
      '@azure/core-auth': 1.11.0
      '@azure/core-rest-pipeline': 1.25.0
      '@azure/core-tracing': 1.4.0
      '@azure/core-util': 1.14.0
      '@azure/logger': 1.4.0
      tslib: 2.8.1
    transitivePeerDependencies:
      - supports-color

  '@azure/keyvault-keys@4.10.2':
    dependencies:
      '@azure-rest/core-client': 2.8.0
      '@azure/abort-controller': 2.2.0
      '@azure/core-auth': 1.11.0
      '@azure/core-lro': 2.7.2
      '@azure/core-paging': 1.7.0
      '@azure/core-rest-pipeline': 1.25.0
      '@azure/core-tracing': 1.4.0
      '@azure/core-util': 1.14.0
      '@azure/keyvault-common': 2.1.0
      '@azure/logger': 1.4.0
      tslib: 2.8.1
    transitivePeerDependencies:
      - supports-color

  '@azure/logger@1.4.0':
    dependencies:
      '@typespec/ts-http-runtime': 0.3.7
      tslib: 2.8.1
    transitivePeerDependencies:
      - supports-color

  '@typespec/ts-http-runtime@0.3.7':
    dependencies:
      http-proxy-agent: 7.0.2
      https-proxy-agent: 7.0.6
      tslib: 2.8.1
    transitivePeerDependencies:
      - supports-color

  agent-base@7.1.4: {}

  cookie@0.7.2: {}

  debug@4.4.3:
    dependencies:
      ms: 2.1.3

  fast-json-stable-stringify@2.1.0: {}

  http-proxy-agent@7.0.2:
    dependencies:
      agent-base: 7.1.4
      debug: 4.4.3
    transitivePeerDependencies:
      - supports-color

  https-proxy-agent@7.0.6:
    dependencies:
      agent-base: 7.1.4
      debug: 4.4.3
    transitivePeerDependencies:
      - supports-color

  ms@2.1.3: {}

  priorityqueuejs@2.0.0: {}

  semaphore@1.1.0: {}

  tslib@2.8.1: {}
